{
  "name": "@tradie/file-utils",
  "version": "1.1.0-alpha.b2a4b8e1",
  "lockfileVersion": 1,
  "requires": true,
  "dependencies": {
    "stackback": {
      "version": "0.0.2",
      "resolved": "https://registry.npmjs.org/stackback/-/stackback-0.0.2.tgz",
      "integrity": "sha1-Gsig2Ug4SNFpXkGLbQMaPDzmjjs="
    },
    "why-is-node-running": {
      "version": "1.2.2",
      "resolved": "https://registry.npmjs.org/why-is-node-running/-/why-is-node-running-1.2.2.tgz",
      "integrity": "sha1-yjYoLj2Tukv0iG9wm20cukzIgks=",
      "requires": {
        "stackback": "0.0.2"
      }
    }
  }
}
